
Microsoft Visual Studio Solution File, Format Version 12.00
# Visual Studio Version 16
VisualStudioVersion = 16.0.29424.173
MinimumVisualStudioVersion = 10.0.40219.1
Project("{F184B08F-C81C-45F6-A57F-5ABD9991F28F}") = "ProyectoFinal", "ProyectoFinal\ProyectoFinal.vbproj", "{E552AC3A-735A-49FF-952A-58C184E0E013}"
EndProject
Global
	GlobalSection(SolutionConfigurationPlatforms) = preSolution
		Debug|Any CPU = Debug|Any CPU
		Release|Any CPU = Release|Any CPU
	EndGlobalSection
	GlobalSection(ProjectConfigurationPlatforms) = postSolution
		{E552AC3A-735A-49FF-952A-58C184E0E013}.Debug|Any CPU.ActiveCfg = Debug|Any CPU
		{E552AC3A-735A-49FF-952A-58C184E0E013}.Debug|Any CPU.Build.0 = Debug|Any CPU
		{E552AC3A-735A-49FF-952A-58C184E0E013}.Release|Any CPU.ActiveCfg = Release|Any CPU
		{E552AC3A-735A-49FF-952A-58C184E0E013}.Release|Any CPU.Build.0 = Release|Any CPU
	EndGlobalSection
	GlobalSection(SolutionProperties) = preSolution
		HideSolutionNode = FALSE
	EndGlobalSection
	GlobalSection(ExtensibilityGlobals) = postSolution
		SolutionGuid = {15A5C9A0-9576-4E24-AA69-C6413A7E1CD6}
	EndGlobalSection
EndGlobal
